
Microsoft Visual Studio Solution File, Format Version 12.00
# Visual Studio Version 17
VisualStudioVersion = 17.2.32526.322
MinimumVisualStudioVersion = 10.0.40219.1
Project("{9A19103F-16F7-4668-BE54-9A1E7A4F7556}") = "ConsumeMCC67API", "ConsumeMCC67API\ConsumeMCC67API.csproj", "{0C04BAE0-7597-47BB-A03C-96D688DF62A5}"
EndProject
Project("{9A19103F-16F7-4668-BE54-9A1E7A4F7556}") = "API", "..\..\3\API\API\API.csproj", "{AD3BCEA5-8F35-445F-A8DC-C4722067171B}"
EndProject
Global
	GlobalSection(SolutionConfigurationPlatforms) = preSolution
		Debug|Any CPU = Debug|Any CPU
		Release|Any CPU = Release|Any CPU
	EndGlobalSection
	GlobalSection(ProjectConfigurationPlatforms) = postSolution
		{0C04BAE0-7597-47BB-A03C-96D688DF62A5}.Debug|Any CPU.ActiveCfg = Debug|Any CPU
		{0C04BAE0-7597-47BB-A03C-96D688DF62A5}.Debug|Any CPU.Build.0 = Debug|Any CPU
		{0C04BAE0-7597-47BB-A03C-96D688DF62A5}.Release|Any CPU.ActiveCfg = Release|Any CPU
		{0C04BAE0-7597-47BB-A03C-96D688DF62A5}.Release|Any CPU.Build.0 = Release|Any CPU
		{AD3BCEA5-8F35-445F-A8DC-C4722067171B}.Debug|Any CPU.ActiveCfg = Debug|Any CPU
		{AD3BCEA5-8F35-445F-A8DC-C4722067171B}.Debug|Any CPU.Build.0 = Debug|Any CPU
		{AD3BCEA5-8F35-445F-A8DC-C4722067171B}.Release|Any CPU.ActiveCfg = Release|Any CPU
		{AD3BCEA5-8F35-445F-A8DC-C4722067171B}.Release|Any CPU.Build.0 = Release|Any CPU
	EndGlobalSection
	GlobalSection(SolutionProperties) = preSolution
		HideSolutionNode = FALSE
	EndGlobalSection
	GlobalSection(ExtensibilityGlobals) = postSolution
		SolutionGuid = {38AA48E9-FC4D-4C9C-A069-9B6112A0CDD8}
	EndGlobalSection
EndGlobal
